
Microsoft Visual Studio Solution File, Format Version 12.00
# Visual Studio 15
VisualStudioVersion = 15.0.27130.2036
MinimumVisualStudioVersion = 10.0.40219.1
Project("{888888A0-9F3D-457C-B088-3A5042F75D52}") = "RL1", "RL1\RL1.pyproj", "{35B11DB2-8739-49BF-957C-431EEBB98D3B}"
EndProject
Global
	GlobalSection(SolutionConfigurationPlatforms) = preSolution
		Debug|Any CPU = Debug|Any CPU
		Release|Any CPU = Release|Any CPU
	EndGlobalSection
	GlobalSection(ProjectConfigurationPlatforms) = postSolution
		{35B11DB2-8739-49BF-957C-431EEBB98D3B}.Debug|Any CPU.ActiveCfg = Debug|Any CPU
		{35B11DB2-8739-49BF-957C-431EEBB98D3B}.Release|Any CPU.ActiveCfg = Release|Any CPU
	EndGlobalSection
	GlobalSection(SolutionProperties) = preSolution
		HideSolutionNode = FALSE
	EndGlobalSection
	GlobalSection(ExtensibilityGlobals) = postSolution
		SolutionGuid = {CB99593B-3269-46E2-ACB4-02A4A761501E}
	EndGlobalSection
EndGlobal
